# This file was autogenerated by Stack.
# You should not edit this file by hand.
# For more information, please see the documentation at:
#   https://docs.haskellstack.org/en/stable/lock_files

packages:
- completed:
    hackage: binary-strict-0.4.8.6@sha256:456da8c1452a18349fbb02134ba608cf7420014cb93e9c39e7e4b99de1c48a7e,2222
    pantry-tree:
      size: 943
      sha256: a7cc059f5c61f589dfb0a3ce0194f16e3e0483e2786142a0db4af69410c9d670
  original:
    hackage: binary-strict-0.4.8.6@sha256:456da8c1452a18349fbb02134ba608cf7420014cb93e9c39e7e4b99de1c48a7e,2222
snapshots:
- completed:
    size: 590102
    url: https://raw.githubusercontent.com/commercialhaskell/stackage-snapshots/master/lts/18/27.yaml
    sha256: 79a786674930a89301b0e908fad2822a48882f3d01486117693c377b8edffdbe
  original:
    url: https://raw.githubusercontent.com/commercialhaskell/stackage-snapshots/master/lts/18/27.yaml
